
Microsoft Visual Studio Solution File, Format Version 12.00
# Visual Studio 15
VisualStudioVersion = 15.0.28307.572
MinimumVisualStudioVersion = 10.0.40219.1
Project("{FAE04EC0-301F-11D3-BF4B-00C04F79EFBC}") = "WebNote.WebApp", "WebNote.WebApp\WebNote.WebApp.csproj", "{A3FC4649-C29B-4F05-8EA7-636AF1808257}"
EndProject
Project("{FAE04EC0-301F-11D3-BF4B-00C04F79EFBC}") = "WebNote.DataAccessLayer", "WebNote.DataAccessLayer\WebNote.DataAccessLayer.csproj", "{00AB3951-DF17-4017-9844-54396FB5333A}"
EndProject
Project("{FAE04EC0-301F-11D3-BF4B-00C04F79EFBC}") = "WebNote.BusinessLayer", "WebNote.BusinessLayer\WebNote.BusinessLayer.csproj", "{5B3DE81D-4EFE-4A0E-90FD-AFC24DDC8622}"
EndProject
Project("{FAE04EC0-301F-11D3-BF4B-00C04F79EFBC}") = "WebNote.Entities", "WebNote.Entities\WebNote.Entities.csproj", "{7E13999C-8AB8-4AA4-8765-C136A059D08A}"
EndProject
Project("{FAE04EC0-301F-11D3-BF4B-00C04F79EFBC}") = "WebNote.Common", "WebNote.Common\WebNote.Common.csproj", "{4AC6F84B-5FCA-4B51-81A1-C13162D0DE8A}"
EndProject
Global
	GlobalSection(SolutionConfigurationPlatforms) = preSolution
		Debug|Any CPU = Debug|Any CPU
		Release|Any CPU = Release|Any CPU
	EndGlobalSection
	GlobalSection(ProjectConfigurationPlatforms) = postSolution
		{A3FC4649-C29B-4F05-8EA7-636AF1808257}.Debug|Any CPU.ActiveCfg = Debug|Any CPU
		{A3FC4649-C29B-4F05-8EA7-636AF1808257}.Debug|Any CPU.Build.0 = Debug|Any CPU
		{A3FC4649-C29B-4F05-8EA7-636AF1808257}.Release|Any CPU.ActiveCfg = Release|Any CPU
		{A3FC4649-C29B-4F05-8EA7-636AF1808257}.Release|Any CPU.Build.0 = Release|Any CPU
		{00AB3951-DF17-4017-9844-54396FB5333A}.Debug|Any CPU.ActiveCfg = Debug|Any CPU
		{00AB3951-DF17-4017-9844-54396FB5333A}.Debug|Any CPU.Build.0 = Debug|Any CPU
		{00AB3951-DF17-4017-9844-54396FB5333A}.Release|Any CPU.ActiveCfg = Release|Any CPU
		{00AB3951-DF17-4017-9844-54396FB5333A}.Release|Any CPU.Build.0 = Release|Any CPU
		{5B3DE81D-4EFE-4A0E-90FD-AFC24DDC8622}.Debug|Any CPU.ActiveCfg = Debug|Any CPU
		{5B3DE81D-4EFE-4A0E-90FD-AFC24DDC8622}.Debug|Any CPU.Build.0 = Debug|Any CPU
		{5B3DE81D-4EFE-4A0E-90FD-AFC24DDC8622}.Release|Any CPU.ActiveCfg = Release|Any CPU
		{5B3DE81D-4EFE-4A0E-90FD-AFC24DDC8622}.Release|Any CPU.Build.0 = Release|Any CPU
		{7E13999C-8AB8-4AA4-8765-C136A059D08A}.Debug|Any CPU.ActiveCfg = Debug|Any CPU
		{7E13999C-8AB8-4AA4-8765-C136A059D08A}.Debug|Any CPU.Build.0 = Debug|Any CPU
		{7E13999C-8AB8-4AA4-8765-C136A059D08A}.Release|Any CPU.ActiveCfg = Release|Any CPU
		{7E13999C-8AB8-4AA4-8765-C136A059D08A}.Release|Any CPU.Build.0 = Release|Any CPU
		{4AC6F84B-5FCA-4B51-81A1-C13162D0DE8A}.Debug|Any CPU.ActiveCfg = Debug|Any CPU
		{4AC6F84B-5FCA-4B51-81A1-C13162D0DE8A}.Debug|Any CPU.Build.0 = Debug|Any CPU
		{4AC6F84B-5FCA-4B51-81A1-C13162D0DE8A}.Release|Any CPU.ActiveCfg = Release|Any CPU
		{4AC6F84B-5FCA-4B51-81A1-C13162D0DE8A}.Release|Any CPU.Build.0 = Release|Any CPU
	EndGlobalSection
	GlobalSection(SolutionProperties) = preSolution
		HideSolutionNode = FALSE
	EndGlobalSection
	GlobalSection(ExtensibilityGlobals) = postSolution
		SolutionGuid = {1B8A2D29-EA9F-48BF-B487-311B34781C58}
	EndGlobalSection
EndGlobal
